github.com/google/go-cmp v0.7.0 h1:wk8382ETsv4JYUZwIsn6YpYiWiBsYLSJiTsyBybVuN8=
github.com/google/go-cmp v0.7.0/go.mod h1:pXiqmnSA92OHEEa9HXL2W4E7lf9JzCmGVUdgjX3N/iU=
github.com/microsoft/typescript-go v0.0.0-20260407210245-9c19dee6ab88 h1:mUntG2CVyD7Deo73Axh2DHYHIew4QPLk60bs1UN6/qQ=
github.com/microsoft/typescript-go v0.0.0-20260407210245-9c19dee6ab88/go.mod h1:oYmpO2cY7xwgwL/j2IEX9XbBxR5GxWiMWHZRTwLLOEM=
gotest.tools/v3 v3.5.2 h1:7koQfIKdy+I8UTetycgUqXWSDwpgv193Ka+qRsmBY8Q=
gotest.tools/v3 v3.5.2/go.mod h1:LtdLGcnqToBH83WByAAi/wiwSFCArdFIUV/xxN4pcjA=
